{"1.2.0",
[{<<"gleam_bitwise">>,{pkg,<<"gleam_bitwise">>,<<"1.0.2">>},0},
 {<<"gleam_stdlib">>,{pkg,<<"gleam_stdlib">>,<<"0.12.0">>},0}]}.
[
{pkg_hash,[
 {<<"gleam_bitwise">>, <<"D12E9C60918244DCCE8C5214B2188962D60837431C5040AEB77FBFEFE45FE154">>},
 {<<"gleam_stdlib">>, <<"722B00F9A08E44D9582922B4EF6E890CA60E2CAEBEFE81192F3CC8D337F2F0CF">>}]},
{pkg_hash_ext,[
 {<<"gleam_bitwise">>, <<"3C0A8A141597ACD39F8F8809F1CDA6FD51ACFE3DA909CD20291EDF6B8A7128EA">>},
 {<<"gleam_stdlib">>, <<"C3435F25629ED5F2C0D53A1BC2FDF89ACDFFA75F036CB27396C1EF70396F644A">>}]}
].
